// !$*UTF8*$!
{
	archiveVersion = 1;
	classes = {
	};
	objectVersion = 50;
	objects = {

/* Begin PBXBuildFile section */
		5739112D22E3496B0022BF4B /* AppDelegate.swift in Sources */ = {isa = PBXBuildFile; fileRef = 5739112C22E3496B0022BF4B /* AppDelegate.swift */; };
		5739112F22E3496B0022BF4B /* art.scnassets in Resources */ = {isa = PBXBuildFile; fileRef = 5739112E22E3496B0022BF4B /* art.scnassets */; };
		5739113122E3496B0022BF4B /* ViewController.swift in Sources */ = {isa = PBXBuildFile; fileRef = 5739113022E3496B0022BF4B /* ViewController.swift */; };
		5739113422E3496B0022BF4B /* Main.storyboard in Resources */ = {isa = PBXBuildFile; fileRef = 5739113222E3496B0022BF4B /* Main.storyboard */; };
		5739113622E3496C0022BF4B /* Assets.xcassets in Resources */ = {isa = PBXBuildFile; fileRef = 5739113522E3496C0022BF4B /* Assets.xcassets */; };
		5739113922E3496C0022BF4B /* LaunchScreen.storyboard in Resources */ = {isa = PBXBuildFile; fileRef = 5739113722E3496C0022BF4B /* LaunchScreen.storyboard */; };
		5739114322E34C8C0022BF4B /* ViewController+Button.swift in Sources */ = {isa = PBXBuildFile; fileRef = 5739114022E34C8B0022BF4B /* ViewController+Button.swift */; };
		5739114422E34C8C0022BF4B /* ViewController+Stage.swift in Sources */ = {isa = PBXBuildFile; fileRef = 5739114122E34C8C0022BF4B /* ViewController+Stage.swift */; };
		5739114522E34C8C0022BF4B /* ViewController+Measure.swift in Sources */ = {isa = PBXBuildFile; fileRef = 5739114222E34C8C0022BF4B /* ViewController+Measure.swift */; };
		5739114722E34CA50022BF4B /* Config.swift in Sources */ = {isa = PBXBuildFile; fileRef = 5739114622E34CA50022BF4B /* Config.swift */; };
/* End PBXBuildFile section */

/* Begin PBXFileReference section */
		5739112922E3496B0022BF4B /* ลองทำดู02.app */ = {isa = PBXFileReference; explicitFileType = wrapper.application; includeInIndex = 0; path = "ลองทำดู02.app"; sourceTree = BUILT_PRODUCTS_DIR; };
		5739112C22E3496B0022BF4B /* AppDelegate.swift */ = {isa = PBXFileReference; lastKnownFileType = sourcecode.swift; path = AppDelegate.swift; sourceTree = "<group>"; };
		5739112E22E3496B0022BF4B /* art.scnassets */ = {isa = PBXFileReference; lastKnownFileType = wrapper.scnassets; path = art.scnassets; sourceTree = "<group>"; };
		5739113022E3496B0022BF4B /* ViewController.swift */ = {isa = PBXFileReference; lastKnownFileType = sourcecode.swift; path = ViewController.swift; sourceTree = "<group>"; };
		5739113322E3496B0022BF4B /* Base */ = {isa = PBXFileReference; lastKnownFileType = file.storyboard; name = Base; path = Base.lproj/Main.storyboard; sourceTree = "<group>"; };
		5739113522E3496C0022BF4B /* Assets.xcassets */ = {isa = PBXFileReference; lastKnownFileType = folder.assetcatalog; path = Assets.xcassets; sourceTree = "<group>"; };
		5739113822E3496C0022BF4B /* Base */ = {isa = PBXFileReference; lastKnownFileType = file.storyboard; name = Base; path = Base.lproj/LaunchScreen.storyboard; sourceTree = "<group>"; };
		5739113A22E3496C0022BF4B /* Info.plist */ = {isa = PBXFileReference; lastKnownFileType = text.plist.xml; path = Info.plist; sourceTree = "<group>"; };
		5739114022E34C8B0022BF4B /* ViewController+Button.swift */ = {isa = PBXFileReference; fileEncoding = 4; lastKnownFileType = sourcecode.swift; path = "ViewController+Button.swift"; sourceTree = "<group>"; };
		5739114122E34C8C0022BF4B /* ViewController+Stage.swift */ = {isa = PBXFileReference; fileEncoding = 4; lastKnownFileType = sourcecode.swift; path = "ViewController+Stage.swift"; sourceTree = "<group>"; };
		5739114222E34C8C0022BF4B /* ViewController+Measure.swift */ = {isa = PBXFileReference; fileEncoding = 4; lastKnownFileType = sourcecode.swift; path = "ViewController+Measure.swift"; sourceTree = "<group>"; };
		5739114622E34CA50022BF4B /* Config.swift */ = {isa = PBXFileReference; fileEncoding = 4; lastKnownFileType = sourcecode.swift; path = Config.swift; sourceTree = "<group>"; };
/* End PBXFileReference section */

/* Begin PBXFrameworksBuildPhase section */
		5739112622E3496B0022BF4B /* Frameworks */ = {
			isa = PBXFrameworksBuildPhase;
			buildActionMask = 2147483647;
			files = (
			);
			runOnlyForDeploymentPostprocessing = 0;
		};
/* End PBXFrameworksBuildPhase section */

/* Begin PBXGroup section */
		5739112022E3496B0022BF4B = {
			isa = PBXGroup;
			children = (
				5739112B22E3496B0022BF4B /* ลองทำดู02 */,
				5739112A22E3496B0022BF4B /* Products */,
			);
			sourceTree = "<group>";
		};
		5739112A22E3496B0022BF4B /* Products */ = {
			isa = PBXGroup;
			children = (
				5739112922E3496B0022BF4B /* ลองทำดู02.app */,
			);
			name = Products;
			sourceTree = "<group>";
		};
		5739112B22E3496B0022BF4B /* ลองทำดู02 */ = {
			isa = PBXGroup;
			children = (
				5739112C22E3496B0022BF4B /* AppDelegate.swift */,
				5739112E22E3496B0022BF4B /* art.scnassets */,
				5739113022E3496B0022BF4B /* ViewController.swift */,
				5739114022E34C8B0022BF4B /* ViewController+Button.swift */,
				5739114222E34C8C0022BF4B /* ViewController+Measure.swift */,
				5739114122E34C8C0022BF4B /* ViewController+Stage.swift */,
				5739113222E3496B0022BF4B /* Main.storyboard */,
				5739113522E3496C0022BF4B /* Assets.xcassets */,
				5739113722E3496C0022BF4B /* LaunchScreen.storyboard */,
				5739113A22E3496C0022BF4B /* Info.plist */,
				5739114622E34CA50022BF4B /* Config.swift */,
			);
			path = "ลองทำดู02";
			sourceTree = "<group>";
		};
/* End PBXGroup section */

/* Begin PBXNativeTarget section */
		5739112822E3496B0022BF4B /* ลองทำดู02 */ = {
			isa = PBXNativeTarget;
			buildConfigurationList = 5739113D22E3496C0022BF4B /* Build configuration list for PBXNativeTarget "ลองทำดู02" */;
			buildPhases = (
				5739112522E3496B0022BF4B /* Sources */,
				5739112622E3496B0022BF4B /* Frameworks */,
				5739112722E3496B0022BF4B /* Resources */,
			);
			buildRules = (
			);
			dependencies = (
			);
			name = "ลองทำดู02";
			productName = "ลองทำดู02";
			productReference = 5739112922E3496B0022BF4B /* ลองทำดู02.app */;
			productType = "com.apple.product-type.application";
		};
/* End PBXNativeTarget section */

/* Begin PBXProject section */
		5739112122E3496B0022BF4B /* Project object */ = {
			isa = PBXProject;
			attributes = {
				LastSwiftUpdateCheck = 1020;
				LastUpgradeCheck = 1020;
				ORGANIZATIONNAME = iPon;
				TargetAttributes = {
					5739112822E3496B0022BF4B = {
						CreatedOnToolsVersion = 10.2.1;
					};
				};
			};
			buildConfigurationList = 5739112422E3496B0022BF4B /* Build configuration list for PBXProject "ลองทำดู02" */;
			compatibilityVersion = "Xcode 9.3";
			developmentRegion = en;
			hasScannedForEncodings = 0;
			knownRegions = (
				en,
				Base,
			);
			mainGroup = 5739112022E3496B0022BF4B;
			productRefGroup = 5739112A22E3496B0022BF4B /* Products */;
			projectDirPath = "";
			projectRoot = "";
			targets = (
				5739112822E3496B0022BF4B /* ลองทำดู02 */,
			);
		};
/* End PBXProject section */

/* Begin PBXResourcesBuildPhase section */
		5739112722E3496B0022BF4B /* Resources */ = {
			isa = PBXResourcesBuildPhase;
			buildActionMask = 2147483647;
			files = (
				5739112F22E3496B0022BF4B /* art.scnassets in Resources */,
				5739113922E3496C0022BF4B /* LaunchScreen.storyboard in Resources */,
				5739113622E3496C0022BF4B /* Assets.xcassets in Resources */,
				5739113422E3496B0022BF4B /* Main.storyboard in Resources */,
			);
			runOnlyForDeploymentPostprocessing = 0;
		};
/* End PBXResourcesBuildPhase section */

/* Begin PBXSourcesBuildPhase section */
		5739112522E3496B0022BF4B /* Sources */ = {
			isa = PBXSourcesBuildPhase;
			buildActionMask = 2147483647;
			files = (
				5739113122E3496B0022BF4B /* ViewController.swift in Sources */,
				5739114322E34C8C0022BF4B /* ViewController+Button.swift in Sources */,
				5739112D22E3496B0022BF4B /* AppDelegate.swift in Sources */,
				5739114522E34C8C0022BF4B /* ViewController+Measure.swift in Sources */,
				5739114422E34C8C0022BF4B /* ViewController+Stage.swift in Sources */,
				5739114722E34CA50022BF4B /* Config.swift in Sources */,
			);
			runOnlyForDeploymentPostprocessing = 0;
		};
/* End PBXSourcesBuildPhase section */

/* Begin PBXVariantGroup section */
		5739113222E3496B0022BF4B /* Main.storyboard */ = {
			isa = PBXVariantGroup;
			children = (
				5739113322E3496B0022BF4B /* Base */,
			);
			name = Main.storyboard;
			sourceTree = "<group>";
		};
		5739113722E3496C0022BF4B /* LaunchScreen.storyboard */ = {
			isa = PBXVariantGroup;
			children = (
				5739113822E3496C0022BF4B /* Base */,
			);
			name = LaunchScreen.storyboard;
			sourceTree = "<group>";
		};
/* End PBXVariantGroup section */

/* Begin XCBuildConfiguration section */
		5739113B22E3496C0022BF4B /* Debug */ = {
			isa = XCBuildConfiguration;
			buildSettings = {
				ALWAYS_SEARCH_USER_PATHS = NO;
				CLANG_ANALYZER_NONNULL = YES;
				CLANG_ANALYZER_NUMBER_OBJECT_CONVERSION = YES_AGGRESSIVE;
				CLANG_CXX_LANGUAGE_STANDARD = "gnu++14";
				CLANG_CXX_LIBRARY = "libc++";
				CLANG_ENABLE_MODULES = YES;
				CLANG_ENABLE_OBJC_ARC = YES;
				CLANG_ENABLE_OBJC_WEAK = YES;
				CLANG_WARN_BLOCK_CAPTURE_AUTORELEASING = YES;
				CLANG_WARN_BOOL_CONVERSION = YES;
				CLANG_WARN_COMMA = YES;
				CLANG_WARN_CONSTANT_CONVERSION = YES;
				CLANG_WARN_DEPRECATED_OBJC_IMPLEMENTATIONS = YES;
				CLANG_WARN_DIRECT_OBJC_ISA_USAGE = YES_ERROR;
				CLANG_WARN_DOCUMENTATION_COMMENTS = YES;
				CLANG_WARN_EMPTY_BODY = YES;
				CLANG_WARN_ENUM_CONVERSION = YES;
				CLANG_WARN_INFINITE_RECURSION = YES;
				CLANG_WARN_INT_CONVERSION = YES;
				CLANG_WARN_NON_LITERAL_NULL_CONVERSION = YES;
				CLANG_WARN_OBJC_IMPLICIT_RETAIN_SELF = YES;
				CLANG_WARN_OBJC_LITERAL_CONVERSION = YES;
				CLANG_WARN_OBJC_ROOT_CLASS = YES_ERROR;
				CLANG_WARN_RANGE_LOOP_ANALYSIS = YES;
				CLANG_WARN_STRICT_PROTOTYPES = YES;
				CLANG_WARN_SUSPICIOUS_MOVE = YES;
				CLANG_WARN_UNGUARDED_AVAILABILITY = YES_AGGRESSIVE;
				CLANG_WARN_UNREACHABLE_CODE = YES;
				CLANG_WARN__DUPLICATE_METHOD_MATCH = YES;
				CODE_SIGN_IDENTITY = "iPhone Developer";
				COPY_PHASE_STRIP = NO;
				DEBUG_INFORMATION_FORMAT = dwarf;
				ENABLE_STRICT_OBJC_MSGSEND = YES;
				ENABLE_TESTABILITY = YES;
				GCC_C_LANGUAGE_STANDARD = gnu11;
				GCC_DYNAMIC_NO_PIC = NO;
				GCC_NO_COMMON_BLOCKS = YES;
				GCC_OPTIMIZATION_LEVEL = 0;
				GCC_PREPROCESSOR_DEFINITIONS = (
					"DEBUG=1",
					"$(inherited)",
				);
				GCC_WARN_64_TO_32_BIT_CONVERSION = YES;
				GCC_WARN_ABOUT_RETURN_TYPE = YES_ERROR;
				GCC_WARN_UNDECLARED_SELECTOR = YES;
				GCC_WARN_UNINITIALIZED_AUTOS = YES_AGGRESSIVE;
				GCC_WARN_UNUSED_FUNCTION = YES;
				GCC_WARN_UNUSED_VARIABLE = YES;
				IPHONEOS_DEPLOYMENT_TARGET = 12.2;
				MTL_ENABLE_DEBUG_INFO = INCLUDE_SOURCE;
				MTL_FAST_MATH = YES;
				ONLY_ACTIVE_ARCH = YES;
				SDKROOT = iphoneos;
				SWIFT_ACTIVE_COMPILATION_CONDITIONS = DEBUG;
				SWIFT_OPTIMIZATION_LEVEL = "-Onone";
			};
			name = Debug;
		};
		5739113C22E3496C0022BF4B /* Release */ = {
			isa = XCBuildConfiguration;
			buildSettings = {
				ALWAYS_SEARCH_USER_PATHS = NO;
				CLANG_ANALYZER_NONNULL = YES;
				CLANG_ANALYZER_NUMBER_OBJECT_CONVERSION = YES_AGGRESSIVE;
				CLANG_CXX_LANGUAGE_STANDARD = "gnu++14";
				CLANG_CXX_LIBRARY = "libc++";
				CLANG_ENABLE_MODULES = YES;
				CLANG_ENABLE_OBJC_ARC = YES;
				CLANG_ENABLE_OBJC_WEAK = YES;
				CLANG_WARN_BLOCK_CAPTURE_AUTORELEASING = YES;
				CLANG_WARN_BOOL_CONVERSION = YES;
				CLANG_WARN_COMMA = YES;
				CLANG_WARN_CONSTANT_CONVERSION = YES;
				CLANG_WARN_DEPRECATED_OBJC_IMPLEMENTATIONS = YES;
				CLANG_WARN_DIRECT_OBJC_ISA_USAGE = YES_ERROR;
				CLANG_WARN_DOCUMENTATION_COMMENTS = YES;
				CLANG_WARN_EMPTY_BODY = YES;
				CLANG_WARN_ENUM_CONVERSION = YES;
				CLANG_WARN_INFINITE_RECURSION = YES;
				CLANG_WARN_INT_CONVERSION = YES;
				CLANG_WARN_NON_LITERAL_NULL_CONVERSION = YES;
				CLANG_WARN_OBJC_IMPLICIT_RETAIN_SELF = YES;
				CLANG_WARN_OBJC_LITERAL_CONVERSION = YES;
				CLANG_WARN_OBJC_ROOT_CLASS = YES_ERROR;
				CLANG_WARN_RANGE_LOOP_ANALYSIS = YES;
				CLANG_WARN_STRICT_PROTOTYPES = YES;
				CLANG_WARN_SUSPICIOUS_MOVE = YES;
				CLANG_WARN_UNGUARDED_AVAILABILITY = YES_AGGRESSIVE;
				CLANG_WARN_UNREACHABLE_CODE = YES;
				CLANG_WARN__DUPLICATE_METHOD_MATCH = YES;
				CODE_SIGN_IDENTITY = "iPhone Developer";
				COPY_PHASE_STRIP = NO;
				DEBUG_INFORMATION_FORMAT = "dwarf-with-dsym";
				ENABLE_NS_ASSERTIONS = NO;
				ENABLE_STRICT_OBJC_MSGSEND = YES;
				GCC_C_LANGUAGE_STANDARD = gnu11;
				GCC_NO_COMMON_BLOCKS = YES;
				GCC_WARN_64_TO_32_BIT_CONVERSION = YES;
				GCC_WARN_ABOUT_RETURN_TYPE = YES_ERROR;
				GCC_WARN_UNDECLARED_SELECTOR = YES;
				GCC_WARN_UNINITIALIZED_AUTOS = YES_AGGRESSIVE;
				GCC_WARN_UNUSED_FUNCTION = YES;
				GCC_WARN_UNUSED_VARIABLE = YES;
				IPHONEOS_DEPLOYMENT_TARGET = 12.2;
				MTL_ENABLE_DEBUG_INFO = NO;
				MTL_FAST_MATH = YES;
				SDKROOT = iphoneos;
				SWIFT_COMPILATION_MODE = wholemodule;
				SWIFT_OPTIMIZATION_LEVEL = "-O";
				VALIDATE_PRODUCT = YES;
			};
			name = Release;
		};
		5739113E22E3496C0022BF4B /* Debug */ = {
			isa = XCBuildConfiguration;
			buildSettings = {
				ASSETCATALOG_COMPILER_APPICON_NAME = AppIcon;
				CODE_SIGN_STYLE = Automatic;
				DEVELOPMENT_TEAM = 78NFSMGFLD;
				INFOPLIST_FILE = "ลองทำดู02/Info.plist";
				LD_RUNPATH_SEARCH_PATHS = (
					"$(inherited)",
					"@executable_path/Frameworks",
				);
				PRODUCT_BUNDLE_IDENTIFIER = "ipon.tmjj.pj.mytest.test.sgv01.-------02";
				PRODUCT_NAME = "$(TARGET_NAME)";
				SWIFT_VERSION = 5.0;
				TARGETED_DEVICE_FAMILY = "1,2";
			};
			name = Debug;
		};
		5739113F22E3496C0022BF4B /* Release */ = {
			isa = XCBuildConfiguration;
			buildSettings = {
				ASSETCATALOG_COMPILER_APPICON_NAME = AppIcon;
				CODE_SIGN_STYLE = Automatic;
				DEVELOPMENT_TEAM = 78NFSMGFLD;
				INFOPLIST_FILE = "ลองทำดู02/Info.plist";
				LD_RUNPATH_SEARCH_PATHS = (
					"$(inherited)",
					"@executable_path/Frameworks",
				);
				PRODUCT_BUNDLE_IDENTIFIER = "ipon.tmjj.pj.mytest.test.sgv01.-------02";
				PRODUCT_NAME = "$(TARGET_NAME)";
				SWIFT_VERSION = 5.0;
				TARGETED_DEVICE_FAMILY = "1,2";
			};
			name = Release;
		};
/* End XCBuildConfiguration section */

/* Begin XCConfigurationList section */
		5739112422E3496B0022BF4B /* Build configuration list for PBXProject "ลองทำดู02" */ = {
			isa = XCConfigurationList;
			buildConfigurations = (
				5739113B22E3496C0022BF4B /* Debug */,
				5739113C22E3496C0022BF4B /* Release */,
			);
			defaultConfigurationIsVisible = 0;
			defaultConfigurationName = Release;
		};
		5739113D22E3496C0022BF4B /* Build configuration list for PBXNativeTarget "ลองทำดู02" */ = {
			isa = XCConfigurationList;
			buildConfigurations = (
				5739113E22E3496C0022BF4B /* Debug */,
				5739113F22E3496C0022BF4B /* Release */,
			);
			defaultConfigurationIsVisible = 0;
			defaultConfigurationName = Release;
		};
/* End XCConfigurationList section */
	};
	rootObject = 5739112122E3496B0022BF4B /* Project object */;
}
